// !$*UTF8*$!
{
	archiveVersion = 1;
	classes = {
	};
	objectVersion = 46;
	objects = {

/* Begin PBXBuildFile section */
		910BAF191A73B62600DE25CE /* VentesViewController.swift in Sources */ = {isa = PBXBuildFile; fileRef = 910BAF171A73B62600DE25CE /* VentesViewController.swift */; };
		910BAF1D1A73B8AA00DE25CE /* BelArt.xcdatamodeld in Sources */ = {isa = PBXBuildFile; fileRef = 910BAF1B1A73B8AA00DE25CE /* BelArt.xcdatamodeld */; };
		910BAF221A73BDF800DE25CE /* Vente.swift in Sources */ = {isa = PBXBuildFile; fileRef = 910BAF211A73BDF800DE25CE /* Vente.swift */; };
		910BAF241A73D42A00DE25CE /* Fournisseur.swift in Sources */ = {isa = PBXBuildFile; fileRef = 910BAF231A73D42A00DE25CE /* Fournisseur.swift */; };
		9127EBE21A837BE1006BCD8F /* Transaction.swift in Sources */ = {isa = PBXBuildFile; fileRef = 9127EBE11A837BE1006BCD8F /* Transaction.swift */; };
		9127EBE41A83B482006BCD8F /* Compte.swift in Sources */ = {isa = PBXBuildFile; fileRef = 9127EBE31A83B482006BCD8F /* Compte.swift */; };
		914567DA1A63E25D00549AFB /* BelArtViewController.swift in Sources */ = {isa = PBXBuildFile; fileRef = 914567D81A63E25D00549AFB /* BelArtViewController.swift */; };
		9156C2E51A6D3C5E00117C35 /* ClientViewController.swift in Sources */ = {isa = PBXBuildFile; fileRef = 9156C2E41A6D3C5E00117C35 /* ClientViewController.swift */; };
		9156C2EA1A6DB5E600117C35 /* AchatsViewController.swift in Sources */ = {isa = PBXBuildFile; fileRef = 9156C2E81A6DB5E600117C35 /* AchatsViewController.swift */; };
		9156C2EF1A6DC43D00117C35 /* MoyensViewController.swift in Sources */ = {isa = PBXBuildFile; fileRef = 9156C2ED1A6DC43D00117C35 /* MoyensViewController.swift */; };
		9156C2F21A6DC4B200117C35 /* Moyen.swift in Sources */ = {isa = PBXBuildFile; fileRef = 9156C2F11A6DC4B200117C35 /* Moyen.swift */; };
		9159C2041A6B15B00061A8FC /* Category.swift in Sources */ = {isa = PBXBuildFile; fileRef = 9159C2031A6B15B00061A8FC /* Category.swift */; };
		9159C2091A6B23130061A8FC /* CategoryViewController.swift in Sources */ = {isa = PBXBuildFile; fileRef = 9159C2071A6B23130061A8FC /* CategoryViewController.swift */; };
		9159C2101A6B3BC00061A8FC /* Article.swift in Sources */ = {isa = PBXBuildFile; fileRef = 9159C20F1A6B3BC00061A8FC /* Article.swift */; };
		91752A971A66BD2200B6857E /* BelArtArrayController.swift in Sources */ = {isa = PBXBuildFile; fileRef = 91752A961A66BD2200B6857E /* BelArtArrayController.swift */; };
		91752A991A66C27600B6857E /* StockViewController.swift in Sources */ = {isa = PBXBuildFile; fileRef = 91752A981A66C27600B6857E /* StockViewController.swift */; };
		9175F54F1A835C06000BBBAF /* DepensesViewController.swift in Sources */ = {isa = PBXBuildFile; fileRef = 9175F54D1A835C06000BBBAF /* DepensesViewController.swift */; };
		918B57181A795A7F00876D19 /* Achat.swift in Sources */ = {isa = PBXBuildFile; fileRef = 918B57171A795A7F00876D19 /* Achat.swift */; };
		918B571B1A7963C200876D19 /* Client.swift in Sources */ = {isa = PBXBuildFile; fileRef = 918B571A1A7963C200876D19 /* Client.swift */; };
		918B57241A7C16BF00876D19 /* Extensions.swift in Sources */ = {isa = PBXBuildFile; fileRef = 918B57231A7C16BF00876D19 /* Extensions.swift */; };
		919E968A1A81592B00C5A911 /* ComptesViewController.swift in Sources */ = {isa = PBXBuildFile; fileRef = 919E96891A81592B00C5A911 /* ComptesViewController.swift */; };
		FBFB09851A5C85E4004D4134 /* AppDelegate.swift in Sources */ = {isa = PBXBuildFile; fileRef = FBFB09841A5C85E4004D4134 /* AppDelegate.swift */; };
		FBFB098C1A5C85E4004D4134 /* Images.xcassets in Resources */ = {isa = PBXBuildFile; fileRef = FBFB098B1A5C85E4004D4134 /* Images.xcassets */; };
		FBFB098F1A5C85E4004D4134 /* Main.storyboard in Resources */ = {isa = PBXBuildFile; fileRef = FBFB098D1A5C85E4004D4134 /* Main.storyboard */; };
		FBFB099B1A5C85E5004D4134 /* BelArtTests.swift in Sources */ = {isa = PBXBuildFile; fileRef = FBFB099A1A5C85E5004D4134 /* BelArtTests.swift */; };
		FBFB09A61A5C9E5E004D4134 /* FournisseursViewController.swift in Sources */ = {isa = PBXBuildFile; fileRef = FBFB09A51A5C9E5E004D4134 /* FournisseursViewController.swift */; };
/* End PBXBuildFile section */

/* Begin PBXContainerItemProxy section */
		FBFB09951A5C85E5004D4134 /* PBXContainerItemProxy */ = {
			isa = PBXContainerItemProxy;
			containerPortal = FBFB09771A5C85E4004D4134 /* Project object */;
			proxyType = 1;
			remoteGlobalIDString = FBFB097E1A5C85E4004D4134;
			remoteInfo = BelArt;
		};
/* End PBXContainerItemProxy section */

/* Begin PBXFileReference section */
		910BAF171A73B62600DE25CE /* VentesViewController.swift */ = {isa = PBXFileReference; fileEncoding = 4; lastKnownFileType = sourcecode.swift; name = VentesViewController.swift; path = Controllers/VentesViewController.swift; sourceTree = "<group>"; };
		910BAF1C1A73B8AA00DE25CE /* BelArt 5.xcdatamodel */ = {isa = PBXFileReference; lastKnownFileType = wrapper.xcdatamodel; path = "BelArt 5.xcdatamodel"; sourceTree = "<group>"; };
		910BAF1E1A73B90700DE25CE /* BelArt.xcdatamodel */ = {isa = PBXFileReference; lastKnownFileType = wrapper.xcdatamodel; path = BelArt.xcdatamodel; sourceTree = "<group>"; };
		910BAF211A73BDF800DE25CE /* Vente.swift */ = {isa = PBXFileReference; fileEncoding = 4; lastKnownFileType = sourcecode.swift; name = Vente.swift; path = Model/Vente.swift; sourceTree = "<group>"; };
		910BAF231A73D42A00DE25CE /* Fournisseur.swift */ = {isa = PBXFileReference; fileEncoding = 4; lastKnownFileType = sourcecode.swift; name = Fournisseur.swift; path = Model/Fournisseur.swift; sourceTree = "<group>"; };
		9127EBE11A837BE1006BCD8F /* Transaction.swift */ = {isa = PBXFileReference; fileEncoding = 4; lastKnownFileType = sourcecode.swift; name = Transaction.swift; path = Model/Transaction.swift; sourceTree = "<group>"; };
		9127EBE31A83B482006BCD8F /* Compte.swift */ = {isa = PBXFileReference; fileEncoding = 4; lastKnownFileType = sourcecode.swift; name = Compte.swift; path = Model/Compte.swift; sourceTree = "<group>"; };
		914567D81A63E25D00549AFB /* BelArtViewController.swift */ = {isa = PBXFileReference; fileEncoding = 4; lastKnownFileType = sourcecode.swift; name = BelArtViewController.swift; path = Controllers/BelArtViewController.swift; sourceTree = "<group>"; };
		9156C2E41A6D3C5E00117C35 /* ClientViewController.swift */ = {isa = PBXFileReference; fileEncoding = 4; lastKnownFileType = sourcecode.swift; name = ClientViewController.swift; path = Controllers/ClientViewController.swift; sourceTree = "<group>"; };
		9156C2E81A6DB5E600117C35 /* AchatsViewController.swift */ = {isa = PBXFileReference; fileEncoding = 4; lastKnownFileType = sourcecode.swift; name = AchatsViewController.swift; path = Controllers/AchatsViewController.swift; sourceTree = "<group>"; };
		9156C2ED1A6DC43D00117C35 /* MoyensViewController.swift */ = {isa = PBXFileReference; fileEncoding = 4; lastKnownFileType = sourcecode.swift; name = MoyensViewController.swift; path = Controllers/MoyensViewController.swift; sourceTree = "<group>"; };
		9156C2F11A6DC4B200117C35 /* Moyen.swift */ = {isa = PBXFileReference; fileEncoding = 4; lastKnownFileType = sourcecode.swift; name = Moyen.swift; path = Model/Moyen.swift; sourceTree = "<group>"; };
		9159C2031A6B15B00061A8FC /* Category.swift */ = {isa = PBXFileReference; fileEncoding = 4; lastKnownFileType = sourcecode.swift; name = Category.swift; path = Model/Category.swift; sourceTree = "<group>"; };
		9159C2071A6B23130061A8FC /* CategoryViewController.swift */ = {isa = PBXFileReference; fileEncoding = 4; lastKnownFileType = sourcecode.swift; name = CategoryViewController.swift; path = Controllers/CategoryViewController.swift; sourceTree = "<group>"; };
		9159C20F1A6B3BC00061A8FC /* Article.swift */ = {isa = PBXFileReference; fileEncoding = 4; lastKnownFileType = sourcecode.swift; name = Article.swift; path = Model/Article.swift; sourceTree = "<group>"; };
		91752A961A66BD2200B6857E /* BelArtArrayController.swift */ = {isa = PBXFileReference; fileEncoding = 4; lastKnownFileType = sourcecode.swift; name = BelArtArrayController.swift; path = Controllers/BelArtArrayController.swift; sourceTree = "<group>"; };
		91752A981A66C27600B6857E /* StockViewController.swift */ = {isa = PBXFileReference; fileEncoding = 4; lastKnownFileType = sourcecode.swift; name = StockViewController.swift; path = Controllers/StockViewController.swift; sourceTree = "<group>"; };
		9175F54D1A835C06000BBBAF /* DepensesViewController.swift */ = {isa = PBXFileReference; fileEncoding = 4; lastKnownFileType = sourcecode.swift; name = DepensesViewController.swift; path = Controllers/DepensesViewController.swift; sourceTree = "<group>"; };
		9175F5511A835C65000BBBAF /* BelArt 6.xcdatamodel */ = {isa = PBXFileReference; lastKnownFileType = wrapper.xcdatamodel; path = "BelArt 6.xcdatamodel"; sourceTree = "<group>"; };
		918B57161A79598B00876D19 /* BelArt 2.xcdatamodel */ = {isa = PBXFileReference; lastKnownFileType = wrapper.xcdatamodel; path = "BelArt 2.xcdatamodel"; sourceTree = "<group>"; };
		918B57171A795A7F00876D19 /* Achat.swift */ = {isa = PBXFileReference; fileEncoding = 4; lastKnownFileType = sourcecode.swift; name = Achat.swift; path = Model/Achat.swift; sourceTree = "<group>"; };
		918B57191A7962B600876D19 /* BelArt 3.xcdatamodel */ = {isa = PBXFileReference; lastKnownFileType = wrapper.xcdatamodel; path = "BelArt 3.xcdatamodel"; sourceTree = "<group>"; };
		918B571A1A7963C200876D19 /* Client.swift */ = {isa = PBXFileReference; fileEncoding = 4; lastKnownFileType = sourcecode.swift; name = Client.swift; path = Model/Client.swift; sourceTree = "<group>"; };
		918B57231A7C16BF00876D19 /* Extensions.swift */ = {isa = PBXFileReference; fileEncoding = 4; lastKnownFileType = sourcecode.swift; name = Extensions.swift; path = Extensions/Extensions.swift; sourceTree = "<group>"; };
		919E96881A81575300C5A911 /* BelArt 4.xcdatamodel */ = {isa = PBXFileReference; lastKnownFileType = wrapper.xcdatamodel; path = "BelArt 4.xcdatamodel"; sourceTree = "<group>"; };
		919E96891A81592B00C5A911 /* ComptesViewController.swift */ = {isa = PBXFileReference; fileEncoding = 4; lastKnownFileType = sourcecode.swift; name = ComptesViewController.swift; path = Controllers/ComptesViewController.swift; sourceTree = "<group>"; };
		FBFB097F1A5C85E4004D4134 /* BelArt.app */ = {isa = PBXFileReference; explicitFileType = wrapper.application; includeInIndex = 0; path = BelArt.app; sourceTree = BUILT_PRODUCTS_DIR; };
		FBFB09831A5C85E4004D4134 /* Info.plist */ = {isa = PBXFileReference; lastKnownFileType = text.plist.xml; path = Info.plist; sourceTree = "<group>"; };
		FBFB09841A5C85E4004D4134 /* AppDelegate.swift */ = {isa = PBXFileReference; lastKnownFileType = sourcecode.swift; path = AppDelegate.swift; sourceTree = "<group>"; };
		FBFB098B1A5C85E4004D4134 /* Images.xcassets */ = {isa = PBXFileReference; lastKnownFileType = folder.assetcatalog; path = Images.xcassets; sourceTree = "<group>"; };
		FBFB098E1A5C85E4004D4134 /* Base */ = {isa = PBXFileReference; lastKnownFileType = file.storyboard; name = Base; path = Base.lproj/Main.storyboard; sourceTree = "<group>"; };
		FBFB09941A5C85E4004D4134 /* BelArtTests.xctest */ = {isa = PBXFileReference; explicitFileType = wrapper.cfbundle; includeInIndex = 0; path = BelArtTests.xctest; sourceTree = BUILT_PRODUCTS_DIR; };
		FBFB09991A5C85E5004D4134 /* Info.plist */ = {isa = PBXFileReference; lastKnownFileType = text.plist.xml; path = Info.plist; sourceTree = "<group>"; };
		FBFB099A1A5C85E5004D4134 /* BelArtTests.swift */ = {isa = PBXFileReference; lastKnownFileType = sourcecode.swift; path = BelArtTests.swift; sourceTree = "<group>"; };
		FBFB09A51A5C9E5E004D4134 /* FournisseursViewController.swift */ = {isa = PBXFileReference; fileEncoding = 4; lastKnownFileType = sourcecode.swift; name = FournisseursViewController.swift; path = Controllers/FournisseursViewController.swift; sourceTree = "<group>"; };
/* End PBXFileReference section */

/* Begin PBXFrameworksBuildPhase section */
		FBFB097C1A5C85E4004D4134 /* Frameworks */ = {
			isa = PBXFrameworksBuildPhase;
			buildActionMask = 2147483647;
			files = (
			);
			runOnlyForDeploymentPostprocessing = 0;
		};
		FBFB09911A5C85E4004D4134 /* Frameworks */ = {
			isa = PBXFrameworksBuildPhase;
			buildActionMask = 2147483647;
			files = (
			);
			runOnlyForDeploymentPostprocessing = 0;
		};
/* End PBXFrameworksBuildPhase section */

/* Begin PBXGroup section */
		914567DC1A63F53700549AFB /* Model */ = {
			isa = PBXGroup;
			children = (
				9127EBE31A83B482006BCD8F /* Compte.swift */,
				9127EBE11A837BE1006BCD8F /* Transaction.swift */,
				918B571A1A7963C200876D19 /* Client.swift */,
				918B57171A795A7F00876D19 /* Achat.swift */,
				910BAF231A73D42A00DE25CE /* Fournisseur.swift */,
				910BAF211A73BDF800DE25CE /* Vente.swift */,
				9156C2F11A6DC4B200117C35 /* Moyen.swift */,
				9159C20F1A6B3BC00061A8FC /* Article.swift */,
				9159C2031A6B15B00061A8FC /* Category.swift */,
			);
			name = Model;
			sourceTree = "<group>";
		};
		918B57221A7C16A800876D19 /* Extensions */ = {
			isa = PBXGroup;
			children = (
				918B57231A7C16BF00876D19 /* Extensions.swift */,
			);
			name = Extensions;
			sourceTree = "<group>";
		};
		FBFB09761A5C85E4004D4134 = {
			isa = PBXGroup;
			children = (
				FBFB09811A5C85E4004D4134 /* BelArt */,
				FBFB09971A5C85E5004D4134 /* BelArtTests */,
				FBFB09801A5C85E4004D4134 /* Products */,
			);
			sourceTree = "<group>";
		};
		FBFB09801A5C85E4004D4134 /* Products */ = {
			isa = PBXGroup;
			children = (
				FBFB097F1A5C85E4004D4134 /* BelArt.app */,
				FBFB09941A5C85E4004D4134 /* BelArtTests.xctest */,
			);
			name = Products;
			sourceTree = "<group>";
		};
		FBFB09811A5C85E4004D4134 /* BelArt */ = {
			isa = PBXGroup;
			children = (
				918B57221A7C16A800876D19 /* Extensions */,
				910BAF1B1A73B8AA00DE25CE /* BelArt.xcdatamodeld */,
				914567DC1A63F53700549AFB /* Model */,
				FBFB09A41A5C9E3C004D4134 /* Controllers */,
				FBFB09841A5C85E4004D4134 /* AppDelegate.swift */,
				FBFB098B1A5C85E4004D4134 /* Images.xcassets */,
				FBFB098D1A5C85E4004D4134 /* Main.storyboard */,
				FBFB09821A5C85E4004D4134 /* Supporting Files */,
			);
			path = BelArt;
			sourceTree = "<group>";
		};
		FBFB09821A5C85E4004D4134 /* Supporting Files */ = {
			isa = PBXGroup;
			children = (
				FBFB09831A5C85E4004D4134 /* Info.plist */,
			);
			name = "Supporting Files";
			sourceTree = "<group>";
		};
		FBFB09971A5C85E5004D4134 /* BelArtTests */ = {
			isa = PBXGroup;
			children = (
				FBFB099A1A5C85E5004D4134 /* BelArtTests.swift */,
				FBFB09981A5C85E5004D4134 /* Supporting Files */,
			);
			path = BelArtTests;
			sourceTree = "<group>";
		};
		FBFB09981A5C85E5004D4134 /* Supporting Files */ = {
			isa = PBXGroup;
			children = (
				FBFB09991A5C85E5004D4134 /* Info.plist */,
			);
			name = "Supporting Files";
			sourceTree = "<group>";
		};
		FBFB09A41A5C9E3C004D4134 /* Controllers */ = {
			isa = PBXGroup;
			children = (
				9156C2E81A6DB5E600117C35 /* AchatsViewController.swift */,
				91752A961A66BD2200B6857E /* BelArtArrayController.swift */,
				914567D81A63E25D00549AFB /* BelArtViewController.swift */,
				9159C2071A6B23130061A8FC /* CategoryViewController.swift */,
				9156C2E41A6D3C5E00117C35 /* ClientViewController.swift */,
				FBFB09A51A5C9E5E004D4134 /* FournisseursViewController.swift */,
				9156C2ED1A6DC43D00117C35 /* MoyensViewController.swift */,
				91752A981A66C27600B6857E /* StockViewController.swift */,
				910BAF171A73B62600DE25CE /* VentesViewController.swift */,
				919E96891A81592B00C5A911 /* ComptesViewController.swift */,
				9175F54D1A835C06000BBBAF /* DepensesViewController.swift */,
			);
			name = Controllers;
			sourceTree = "<group>";
		};
/* End PBXGroup section */

/* Begin PBXNativeTarget section */
		FBFB097E1A5C85E4004D4134 /* BelArt */ = {
			isa = PBXNativeTarget;
			buildConfigurationList = FBFB099E1A5C85E5004D4134 /* Build configuration list for PBXNativeTarget "BelArt" */;
			buildPhases = (
				FBFB097B1A5C85E4004D4134 /* Sources */,
				FBFB097C1A5C85E4004D4134 /* Frameworks */,
				FBFB097D1A5C85E4004D4134 /* Resources */,
			);
			buildRules = (
			);
			dependencies = (
			);
			name = BelArt;
			productName = BelArt;
			productReference = FBFB097F1A5C85E4004D4134 /* BelArt.app */;
			productType = "com.apple.product-type.application";
		};
		FBFB09931A5C85E4004D4134 /* BelArtTests */ = {
			isa = PBXNativeTarget;
			buildConfigurationList = FBFB09A11A5C85E5004D4134 /* Build configuration list for PBXNativeTarget "BelArtTests" */;
			buildPhases = (
				FBFB09901A5C85E4004D4134 /* Sources */,
				FBFB09911A5C85E4004D4134 /* Frameworks */,
				FBFB09921A5C85E4004D4134 /* Resources */,
			);
			buildRules = (
			);
			dependencies = (
				FBFB09961A5C85E5004D4134 /* PBXTargetDependency */,
			);
			name = BelArtTests;
			productName = BelArtTests;
			productReference = FBFB09941A5C85E4004D4134 /* BelArtTests.xctest */;
			productType = "com.apple.product-type.bundle.unit-test";
		};
/* End PBXNativeTarget section */

/* Begin PBXProject section */
		FBFB09771A5C85E4004D4134 /* Project object */ = {
			isa = PBXProject;
			attributes = {
				LastUpgradeCheck = 0610;
				ORGANIZATIONNAME = "Mehdi Sqalli";
				TargetAttributes = {
					FBFB097E1A5C85E4004D4134 = {
						CreatedOnToolsVersion = 6.1.1;
					};
					FBFB09931A5C85E4004D4134 = {
						CreatedOnToolsVersion = 6.1.1;
						TestTargetID = FBFB097E1A5C85E4004D4134;
					};
				};
			};
			buildConfigurationList = FBFB097A1A5C85E4004D4134 /* Build configuration list for PBXProject "BelArt" */;
			compatibilityVersion = "Xcode 3.2";
			developmentRegion = English;
			hasScannedForEncodings = 0;
			knownRegions = (
				en,
				Base,
			);
			mainGroup = FBFB09761A5C85E4004D4134;
			productRefGroup = FBFB09801A5C85E4004D4134 /* Products */;
			projectDirPath = "";
			projectRoot = "";
			targets = (
				FBFB097E1A5C85E4004D4134 /* BelArt */,
				FBFB09931A5C85E4004D4134 /* BelArtTests */,
			);
		};
/* End PBXProject section */

/* Begin PBXResourcesBuildPhase section */
		FBFB097D1A5C85E4004D4134 /* Resources */ = {
			isa = PBXResourcesBuildPhase;
			buildActionMask = 2147483647;
			files = (
				FBFB098C1A5C85E4004D4134 /* Images.xcassets in Resources */,
				FBFB098F1A5C85E4004D4134 /* Main.storyboard in Resources */,
			);
			runOnlyForDeploymentPostprocessing = 0;
		};
		FBFB09921A5C85E4004D4134 /* Resources */ = {
			isa = PBXResourcesBuildPhase;
			buildActionMask = 2147483647;
			files = (
			);
			runOnlyForDeploymentPostprocessing = 0;
		};
/* End PBXResourcesBuildPhase section */

/* Begin PBXSourcesBuildPhase section */
		FBFB097B1A5C85E4004D4134 /* Sources */ = {
			isa = PBXSourcesBuildPhase;
			buildActionMask = 2147483647;
			files = (
				9156C2F21A6DC4B200117C35 /* Moyen.swift in Sources */,
				910BAF1D1A73B8AA00DE25CE /* BelArt.xcdatamodeld in Sources */,
				9159C2091A6B23130061A8FC /* CategoryViewController.swift in Sources */,
				910BAF221A73BDF800DE25CE /* Vente.swift in Sources */,
				9156C2E51A6D3C5E00117C35 /* ClientViewController.swift in Sources */,
				910BAF241A73D42A00DE25CE /* Fournisseur.swift in Sources */,
				91752A991A66C27600B6857E /* StockViewController.swift in Sources */,
				918B57181A795A7F00876D19 /* Achat.swift in Sources */,
				914567DA1A63E25D00549AFB /* BelArtViewController.swift in Sources */,
				9156C2EA1A6DB5E600117C35 /* AchatsViewController.swift in Sources */,
				FBFB09A61A5C9E5E004D4134 /* FournisseursViewController.swift in Sources */,
				9156C2EF1A6DC43D00117C35 /* MoyensViewController.swift in Sources */,
				9159C2101A6B3BC00061A8FC /* Article.swift in Sources */,
				919E968A1A81592B00C5A911 /* ComptesViewController.swift in Sources */,
				9127EBE21A837BE1006BCD8F /* Transaction.swift in Sources */,
				9159C2041A6B15B00061A8FC /* Category.swift in Sources */,
				918B57241A7C16BF00876D19 /* Extensions.swift in Sources */,
				9127EBE41A83B482006BCD8F /* Compte.swift in Sources */,
				910BAF191A73B62600DE25CE /* VentesViewController.swift in Sources */,
				9175F54F1A835C06000BBBAF /* DepensesViewController.swift in Sources */,
				918B571B1A7963C200876D19 /* Client.swift in Sources */,
				91752A971A66BD2200B6857E /* BelArtArrayController.swift in Sources */,
				FBFB09851A5C85E4004D4134 /* AppDelegate.swift in Sources */,
			);
			runOnlyForDeploymentPostprocessing = 0;
		};
		FBFB09901A5C85E4004D4134 /* Sources */ = {
			isa = PBXSourcesBuildPhase;
			buildActionMask = 2147483647;
			files = (
				FBFB099B1A5C85E5004D4134 /* BelArtTests.swift in Sources */,
			);
			runOnlyForDeploymentPostprocessing = 0;
		};
/* End PBXSourcesBuildPhase section */

/* Begin PBXTargetDependency section */
		FBFB09961A5C85E5004D4134 /* PBXTargetDependency */ = {
			isa = PBXTargetDependency;
			target = FBFB097E1A5C85E4004D4134 /* BelArt */;
			targetProxy = FBFB09951A5C85E5004D4134 /* PBXContainerItemProxy */;
		};
/* End PBXTargetDependency section */

/* Begin PBXVariantGroup section */
		FBFB098D1A5C85E4004D4134 /* Main.storyboard */ = {
			isa = PBXVariantGroup;
			children = (
				FBFB098E1A5C85E4004D4134 /* Base */,
			);
			name = Main.storyboard;
			sourceTree = "<group>";
		};
/* End PBXVariantGroup section */

/* Begin XCBuildConfiguration section */
		FBFB099C1A5C85E5004D4134 /* Debug */ = {
			isa = XCBuildConfiguration;
			buildSettings = {
				ALWAYS_SEARCH_USER_PATHS = NO;
				CLANG_CXX_LANGUAGE_STANDARD = "gnu++0x";
				CLANG_CXX_LIBRARY = "libc++";
				CLANG_ENABLE_MODULES = YES;
				CLANG_ENABLE_OBJC_ARC = YES;
				CLANG_WARN_BOOL_CONVERSION = YES;
				CLANG_WARN_CONSTANT_CONVERSION = YES;
				CLANG_WARN_DIRECT_OBJC_ISA_USAGE = YES_ERROR;
				CLANG_WARN_EMPTY_BODY = YES;
				CLANG_WARN_ENUM_CONVERSION = YES;
				CLANG_WARN_INT_CONVERSION = YES;
				CLANG_WARN_OBJC_ROOT_CLASS = YES_ERROR;
				CLANG_WARN_UNREACHABLE_CODE = YES;
				CLANG_WARN__DUPLICATE_METHOD_MATCH = YES;
				CODE_SIGN_IDENTITY = "-";
				COPY_PHASE_STRIP = NO;
				ENABLE_STRICT_OBJC_MSGSEND = YES;
				GCC_C_LANGUAGE_STANDARD = gnu99;
				GCC_DYNAMIC_NO_PIC = NO;
				GCC_OPTIMIZATION_LEVEL = 0;
				GCC_PREPROCESSOR_DEFINITIONS = (
					"DEBUG=1",
					"$(inherited)",
				);
				GCC_SYMBOLS_PRIVATE_EXTERN = NO;
				GCC_WARN_64_TO_32_BIT_CONVERSION = YES;
				GCC_WARN_ABOUT_RETURN_TYPE = YES_ERROR;
				GCC_WARN_UNDECLARED_SELECTOR = YES;
				GCC_WARN_UNINITIALIZED_AUTOS = YES_AGGRESSIVE;
				GCC_WARN_UNUSED_FUNCTION = YES;
				GCC_WARN_UNUSED_VARIABLE = YES;
				MACOSX_DEPLOYMENT_TARGET = 10.10;
				MTL_ENABLE_DEBUG_INFO = YES;
				ONLY_ACTIVE_ARCH = YES;
				SDKROOT = macosx;
				SWIFT_OPTIMIZATION_LEVEL = "-Onone";
			};
			name = Debug;
		};
		FBFB099D1A5C85E5004D4134 /* Release */ = {
			isa = XCBuildConfiguration;
			buildSettings = {
				ALWAYS_SEARCH_USER_PATHS = NO;
				CLANG_CXX_LANGUAGE_STANDARD = "gnu++0x";
				CLANG_CXX_LIBRARY = "libc++";
				CLANG_ENABLE_MODULES = YES;
				CLANG_ENABLE_OBJC_ARC = YES;
				CLANG_WARN_BOOL_CONVERSION = YES;
				CLANG_WARN_CONSTANT_CONVERSION = YES;
				CLANG_WARN_DIRECT_OBJC_ISA_USAGE = YES_ERROR;
				CLANG_WARN_EMPTY_BODY = YES;
				CLANG_WARN_ENUM_CONVERSION = YES;
				CLANG_WARN_INT_CONVERSION = YES;
				CLANG_WARN_OBJC_ROOT_CLASS = YES_ERROR;
				CLANG_WARN_UNREACHABLE_CODE = YES;
				CLANG_WARN__DUPLICATE_METHOD_MATCH = YES;
				CODE_SIGN_IDENTITY = "-";
				COPY_PHASE_STRIP = YES;
				DEBUG_INFORMATION_FORMAT = "dwarf-with-dsym";
				ENABLE_NS_ASSERTIONS = NO;
				ENABLE_STRICT_OBJC_MSGSEND = YES;
				GCC_C_LANGUAGE_STANDARD = gnu99;
				GCC_WARN_64_TO_32_BIT_CONVERSION = YES;
				GCC_WARN_ABOUT_RETURN_TYPE = YES_ERROR;
				GCC_WARN_UNDECLARED_SELECTOR = YES;
				GCC_WARN_UNINITIALIZED_AUTOS = YES_AGGRESSIVE;
				GCC_WARN_UNUSED_FUNCTION = YES;
				GCC_WARN_UNUSED_VARIABLE = YES;
				MACOSX_DEPLOYMENT_TARGET = 10.10;
				MTL_ENABLE_DEBUG_INFO = NO;
				SDKROOT = macosx;
			};
			name = Release;
		};
		FBFB099F1A5C85E5004D4134 /* Debug */ = {
			isa = XCBuildConfiguration;
			buildSettings = {
				ASSETCATALOG_COMPILER_APPICON_NAME = AppIcon;
				COMBINE_HIDPI_IMAGES = YES;
				INFOPLIST_FILE = BelArt/Info.plist;
				LD_RUNPATH_SEARCH_PATHS = "$(inherited) @executable_path/../Frameworks";
				PRODUCT_NAME = "$(TARGET_NAME)";
			};
			name = Debug;
		};
		FBFB09A01A5C85E5004D4134 /* Release */ = {
			isa = XCBuildConfiguration;
			buildSettings = {
				ASSETCATALOG_COMPILER_APPICON_NAME = AppIcon;
				COMBINE_HIDPI_IMAGES = YES;
				INFOPLIST_FILE = BelArt/Info.plist;
				LD_RUNPATH_SEARCH_PATHS = "$(inherited) @executable_path/../Frameworks";
				PRODUCT_NAME = "$(TARGET_NAME)";
			};
			name = Release;
		};
		FBFB09A21A5C85E5004D4134 /* Debug */ = {
			isa = XCBuildConfiguration;
			buildSettings = {
				BUNDLE_LOADER = "$(TEST_HOST)";
				COMBINE_HIDPI_IMAGES = YES;
				FRAMEWORK_SEARCH_PATHS = (
					"$(DEVELOPER_FRAMEWORKS_DIR)",
					"$(inherited)",
				);
				GCC_PREPROCESSOR_DEFINITIONS = (
					"DEBUG=1",
					"$(inherited)",
				);
				INFOPLIST_FILE = BelArtTests/Info.plist;
				LD_RUNPATH_SEARCH_PATHS = "$(inherited) @executable_path/../Frameworks @loader_path/../Frameworks";
				PRODUCT_NAME = "$(TARGET_NAME)";
				TEST_HOST = "$(BUILT_PRODUCTS_DIR)/BelArt.app/Contents/MacOS/BelArt";
			};
			name = Debug;
		};
		FBFB09A31A5C85E5004D4134 /* Release */ = {
			isa = XCBuildConfiguration;
			buildSettings = {
				BUNDLE_LOADER = "$(TEST_HOST)";
				COMBINE_HIDPI_IMAGES = YES;
				FRAMEWORK_SEARCH_PATHS = (
					"$(DEVELOPER_FRAMEWORKS_DIR)",
					"$(inherited)",
				);
				INFOPLIST_FILE = BelArtTests/Info.plist;
				LD_RUNPATH_SEARCH_PATHS = "$(inherited) @executable_path/../Frameworks @loader_path/../Frameworks";
				PRODUCT_NAME = "$(TARGET_NAME)";
				TEST_HOST = "$(BUILT_PRODUCTS_DIR)/BelArt.app/Contents/MacOS/BelArt";
			};
			name = Release;
		};
/* End XCBuildConfiguration section */

/* Begin XCConfigurationList section */
		FBFB097A1A5C85E4004D4134 /* Build configuration list for PBXProject "BelArt" */ = {
			isa = XCConfigurationList;
			buildConfigurations = (
				FBFB099C1A5C85E5004D4134 /* Debug */,
				FBFB099D1A5C85E5004D4134 /* Release */,
			);
			defaultConfigurationIsVisible = 0;
			defaultConfigurationName = Release;
		};
		FBFB099E1A5C85E5004D4134 /* Build configuration list for PBXNativeTarget "BelArt" */ = {
			isa = XCConfigurationList;
			buildConfigurations = (
				FBFB099F1A5C85E5004D4134 /* Debug */,
				FBFB09A01A5C85E5004D4134 /* Release */,
			);
			defaultConfigurationIsVisible = 0;
			defaultConfigurationName = Release;
		};
		FBFB09A11A5C85E5004D4134 /* Build configuration list for PBXNativeTarget "BelArtTests" */ = {
			isa = XCConfigurationList;
			buildConfigurations = (
				FBFB09A21A5C85E5004D4134 /* Debug */,
				FBFB09A31A5C85E5004D4134 /* Release */,
			);
			defaultConfigurationIsVisible = 0;
			defaultConfigurationName = Release;
		};
/* End XCConfigurationList section */

/* Begin XCVersionGroup section */
		910BAF1B1A73B8AA00DE25CE /* BelArt.xcdatamodeld */ = {
			isa = XCVersionGroup;
			children = (
				9175F5511A835C65000BBBAF /* BelArt 6.xcdatamodel */,
				919E96881A81575300C5A911 /* BelArt 4.xcdatamodel */,
				918B57191A7962B600876D19 /* BelArt 3.xcdatamodel */,
				918B57161A79598B00876D19 /* BelArt 2.xcdatamodel */,
				910BAF1E1A73B90700DE25CE /* BelArt.xcdatamodel */,
				910BAF1C1A73B8AA00DE25CE /* BelArt 5.xcdatamodel */,
			);
			currentVersion = 9175F5511A835C65000BBBAF /* BelArt 6.xcdatamodel */;
			path = BelArt.xcdatamodeld;
			sourceTree = "<group>";
			versionGroupType = wrapper.xcdatamodel;
		};
/* End XCVersionGroup section */
	};
	rootObject = FBFB09771A5C85E4004D4134 /* Project object */;
}
